
Microsoft Visual Studio Solution File, Format Version 12.00
# Visual Studio Version 17
VisualStudioVersion = 17.14.36616.10 d17.14
MinimumVisualStudioVersion = 10.0.40219.1
Project("{FAE04EC0-301F-11D3-BF4B-00C04F79EFBC}") = "EcoReport", "EcoReport\EcoReport.csproj", "{2FDEC40A-C349-44AD-952D-589F3FD3964A}"
EndProject
Global
	GlobalSection(SolutionConfigurationPlatforms) = preSolution
		Debug|Any CPU = Debug|Any CPU
		Release|Any CPU = Release|Any CPU
	EndGlobalSection
	GlobalSection(ProjectConfigurationPlatforms) = postSolution
		{2FDEC40A-C349-44AD-952D-589F3FD3964A}.Debug|Any CPU.ActiveCfg = Debug|Any CPU
		{2FDEC40A-C349-44AD-952D-589F3FD3964A}.Debug|Any CPU.Build.0 = Debug|Any CPU
		{2FDEC40A-C349-44AD-952D-589F3FD3964A}.Release|Any CPU.ActiveCfg = Release|Any CPU
		{2FDEC40A-C349-44AD-952D-589F3FD3964A}.Release|Any CPU.Build.0 = Release|Any CPU
	EndGlobalSection
	GlobalSection(SolutionProperties) = preSolution
		HideSolutionNode = FALSE
	EndGlobalSection
	GlobalSection(ExtensibilityGlobals) = postSolution
		SolutionGuid = {76CE79C1-5327-4B67-ACA5-68FA1A18FF62}
	EndGlobalSection
EndGlobal
